name: aube-lock

# Regenerates aube-lock.yaml on Renovate branches, runs merge-gate scripts, and
# publishes Check Runs on the final HEAD (no GitHub App). See
# johnsyweb/renovate-config and ADR 0002.

on:
  push:
    branches: ['renovate/**']

permissions:
  contents: write
  checks: write

jobs:
  aube-lock:
    uses: johnsyweb/renovate-config/.github/workflows/aube-lock.yml@e5fbdd0c2982ff432069e9446de20dbf9a96a702
    with:
      verify_command: ./script/cibuild
      check_name: renovate-verify
